// !$*UTF8*$!
{
	archiveVersion = 1;
	classes = {
	};
	objectVersion = 50;
	objects = {

/* Begin PBXBuildFile section */
		50BD592623CBDA96008734D4 /* UIHeadGazeViewController.swift in Sources */ = {isa = PBXBuildFile; fileRef = 50BD591623CBD953008734D4 /* UIHeadGazeViewController.swift */; };
		50BD592723CBDA96008734D4 /* UITrackButton.swift in Sources */ = {isa = PBXBuildFile; fileRef = 50BD591723CBD953008734D4 /* UITrackButton.swift */; };
		50BD592823CBDA96008734D4 /* UIHoverableButton.swift in Sources */ = {isa = PBXBuildFile; fileRef = 50BD591823CBD953008734D4 /* UIHoverableButton.swift */; };
		50BD592923CBDA96008734D4 /* UIHeadGazeEvent.swift in Sources */ = {isa = PBXBuildFile; fileRef = 50BD591923CBD953008734D4 /* UIHeadGazeEvent.swift */; };
		50BD592A23CBDA96008734D4 /* UIMultiFuncButton.swift in Sources */ = {isa = PBXBuildFile; fileRef = 50BD591A23CBD953008734D4 /* UIMultiFuncButton.swift */; };
		50BD592B23CBDA96008734D4 /* README.md in Sources */ = {isa = PBXBuildFile; fileRef = 50BD591B23CBD953008734D4 /* README.md */; };
		50BD592C23CBDA96008734D4 /* Throttler.swift in Sources */ = {isa = PBXBuildFile; fileRef = 50BD591D23CBD953008734D4 /* Throttler.swift */; };
		50BD592D23CBDA96008734D4 /* MathUtility.swift in Sources */ = {isa = PBXBuildFile; fileRef = 50BD591E23CBD953008734D4 /* MathUtility.swift */; };
		50BD592E23CBDA96008734D4 /* ChargingThrottler.swift in Sources */ = {isa = PBXBuildFile; fileRef = 50BD591F23CBD953008734D4 /* ChargingThrottler.swift */; };
		50BD592F23CBDA96008734D4 /* UIVirtualCursorView.swift in Sources */ = {isa = PBXBuildFile; fileRef = 50BD592023CBD953008734D4 /* UIVirtualCursorView.swift */; };
		50BD593023CBDA96008734D4 /* UIHeadGazeView.swift in Sources */ = {isa = PBXBuildFile; fileRef = 50BD592223CBD953008734D4 /* UIHeadGazeView.swift */; };
		50BD593123CBDA96008734D4 /* UIBubbleButton.swift in Sources */ = {isa = PBXBuildFile; fileRef = 50BD592323CBD953008734D4 /* UIBubbleButton.swift */; };
		50BD593223CBDA96008734D4 /* UIHeadGazeRecognizer.swift in Sources */ = {isa = PBXBuildFile; fileRef = 50BD592423CBD953008734D4 /* UIHeadGazeRecognizer.swift */; };
		50BD593323CBDA96008734D4 /* UIHeadGazeViewControllerBase.swift in Sources */ = {isa = PBXBuildFile; fileRef = 50BD592523CBD953008734D4 /* UIHeadGazeViewControllerBase.swift */; };
		FCABEB5B23B828200055A559 /* AppDelegate.swift in Sources */ = {isa = PBXBuildFile; fileRef = FCABEB5A23B828200055A559 /* AppDelegate.swift */; };
		FCABEB6123B828200055A559 /* GameScene.swift in Sources */ = {isa = PBXBuildFile; fileRef = FCABEB6023B828200055A559 /* GameScene.swift */; };
		FCABEB6323B828200055A559 /* GameViewController.swift in Sources */ = {isa = PBXBuildFile; fileRef = FCABEB6223B828200055A559 /* GameViewController.swift */; };
		FCABEB6623B828200055A559 /* Main.storyboard in Resources */ = {isa = PBXBuildFile; fileRef = FCABEB6423B828200055A559 /* Main.storyboard */; };
		FCABEB6823B828270055A559 /* Assets.xcassets in Resources */ = {isa = PBXBuildFile; fileRef = FCABEB6723B828270055A559 /* Assets.xcassets */; };
		FCABEB6B23B828270055A559 /* LaunchScreen.storyboard in Resources */ = {isa = PBXBuildFile; fileRef = FCABEB6923B828270055A559 /* LaunchScreen.storyboard */; };
		FCABEB7723B830F90055A559 /* Grid.swift in Sources */ = {isa = PBXBuildFile; fileRef = FCABEB7623B830F90055A559 /* Grid.swift */; };
		FCABEB7923B8359A0055A559 /* Colors.swift in Sources */ = {isa = PBXBuildFile; fileRef = FCABEB7823B8359A0055A559 /* Colors.swift */; };
		FCABEB7D23BE563E0055A559 /* Tile.swift in Sources */ = {isa = PBXBuildFile; fileRef = FCABEB7C23BE563E0055A559 /* Tile.swift */; };
		FCABEB7F23BE568B0055A559 /* Position.swift in Sources */ = {isa = PBXBuildFile; fileRef = FCABEB7E23BE568B0055A559 /* Position.swift */; };
		FCABEB8223BFF6160055A559 /* GameScenceControlDelegate.swift in Sources */ = {isa = PBXBuildFile; fileRef = FCABEB8023BFEF7A0055A559 /* GameScenceControlDelegate.swift */; };
		FCABEB8523BFF7830055A559 /* TouchInputManger.swift in Sources */ = {isa = PBXBuildFile; fileRef = FCABEB8423BFF7830055A559 /* TouchInputManger.swift */; };
		FCABEB8723C0034B0055A559 /* VoiceInputManger.swift in Sources */ = {isa = PBXBuildFile; fileRef = FCABEB8623C0034B0055A559 /* VoiceInputManger.swift */; };
/* End PBXBuildFile section */

/* Begin PBXFileReference section */
		50BD591623CBD953008734D4 /* UIHeadGazeViewController.swift */ = {isa = PBXFileReference; lastKnownFileType = sourcecode.swift; path = UIHeadGazeViewController.swift; sourceTree = "<group>"; };
		50BD591723CBD953008734D4 /* UITrackButton.swift */ = {isa = PBXFileReference; lastKnownFileType = sourcecode.swift; path = UITrackButton.swift; sourceTree = "<group>"; };
		50BD591823CBD953008734D4 /* UIHoverableButton.swift */ = {isa = PBXFileReference; lastKnownFileType = sourcecode.swift; path = UIHoverableButton.swift; sourceTree = "<group>"; };
		50BD591923CBD953008734D4 /* UIHeadGazeEvent.swift */ = {isa = PBXFileReference; lastKnownFileType = sourcecode.swift; path = UIHeadGazeEvent.swift; sourceTree = "<group>"; };
		50BD591A23CBD953008734D4 /* UIMultiFuncButton.swift */ = {isa = PBXFileReference; lastKnownFileType = sourcecode.swift; path = UIMultiFuncButton.swift; sourceTree = "<group>"; };
		50BD591B23CBD953008734D4 /* README.md */ = {isa = PBXFileReference; lastKnownFileType = net.daringfireball.markdown; path = README.md; sourceTree = "<group>"; };
		50BD591D23CBD953008734D4 /* Throttler.swift */ = {isa = PBXFileReference; lastKnownFileType = sourcecode.swift; path = Throttler.swift; sourceTree = "<group>"; };
		50BD591E23CBD953008734D4 /* MathUtility.swift */ = {isa = PBXFileReference; lastKnownFileType = sourcecode.swift; path = MathUtility.swift; sourceTree = "<group>"; };
		50BD591F23CBD953008734D4 /* ChargingThrottler.swift */ = {isa = PBXFileReference; lastKnownFileType = sourcecode.swift; path = ChargingThrottler.swift; sourceTree = "<group>"; };
		50BD592023CBD953008734D4 /* UIVirtualCursorView.swift */ = {isa = PBXFileReference; lastKnownFileType = sourcecode.swift; path = UIVirtualCursorView.swift; sourceTree = "<group>"; };
		50BD592123CBD953008734D4 /* logo.png */ = {isa = PBXFileReference; lastKnownFileType = image.png; path = logo.png; sourceTree = "<group>"; };
		50BD592223CBD953008734D4 /* UIHeadGazeView.swift */ = {isa = PBXFileReference; lastKnownFileType = sourcecode.swift; path = UIHeadGazeView.swift; sourceTree = "<group>"; };
		50BD592323CBD953008734D4 /* UIBubbleButton.swift */ = {isa = PBXFileReference; lastKnownFileType = sourcecode.swift; path = UIBubbleButton.swift; sourceTree = "<group>"; };
		50BD592423CBD953008734D4 /* UIHeadGazeRecognizer.swift */ = {isa = PBXFileReference; lastKnownFileType = sourcecode.swift; path = UIHeadGazeRecognizer.swift; sourceTree = "<group>"; };
		50BD592523CBD953008734D4 /* UIHeadGazeViewControllerBase.swift */ = {isa = PBXFileReference; lastKnownFileType = sourcecode.swift; path = UIHeadGazeViewControllerBase.swift; sourceTree = "<group>"; };
		FCABEB5723B828200055A559 /* 2048-plus.app */ = {isa = PBXFileReference; explicitFileType = wrapper.application; includeInIndex = 0; path = "2048-plus.app"; sourceTree = BUILT_PRODUCTS_DIR; };
		FCABEB5A23B828200055A559 /* AppDelegate.swift */ = {isa = PBXFileReference; lastKnownFileType = sourcecode.swift; path = AppDelegate.swift; sourceTree = "<group>"; };
		FCABEB6023B828200055A559 /* GameScene.swift */ = {isa = PBXFileReference; lastKnownFileType = sourcecode.swift; path = GameScene.swift; sourceTree = "<group>"; };
		FCABEB6223B828200055A559 /* GameViewController.swift */ = {isa = PBXFileReference; lastKnownFileType = sourcecode.swift; path = GameViewController.swift; sourceTree = "<group>"; };
		FCABEB6523B828200055A559 /* Base */ = {isa = PBXFileReference; lastKnownFileType = file.storyboard; name = Base; path = Base.lproj/Main.storyboard; sourceTree = "<group>"; };
		FCABEB6723B828270055A559 /* Assets.xcassets */ = {isa = PBXFileReference; lastKnownFileType = folder.assetcatalog; path = Assets.xcassets; sourceTree = "<group>"; };
		FCABEB6A23B828270055A559 /* Base */ = {isa = PBXFileReference; lastKnownFileType = file.storyboard; name = Base; path = Base.lproj/LaunchScreen.storyboard; sourceTree = "<group>"; };
		FCABEB6C23B828270055A559 /* Info.plist */ = {isa = PBXFileReference; lastKnownFileType = text.plist.xml; path = Info.plist; sourceTree = "<group>"; };
		FCABEB7623B830F90055A559 /* Grid.swift */ = {isa = PBXFileReference; lastKnownFileType = sourcecode.swift; path = Grid.swift; sourceTree = "<group>"; };
		FCABEB7823B8359A0055A559 /* Colors.swift */ = {isa = PBXFileReference; lastKnownFileType = sourcecode.swift; path = Colors.swift; sourceTree = "<group>"; };
		FCABEB7C23BE563E0055A559 /* Tile.swift */ = {isa = PBXFileReference; lastKnownFileType = sourcecode.swift; path = Tile.swift; sourceTree = "<group>"; };
		FCABEB7E23BE568B0055A559 /* Position.swift */ = {isa = PBXFileReference; lastKnownFileType = sourcecode.swift; path = Position.swift; sourceTree = "<group>"; };
		FCABEB8023BFEF7A0055A559 /* GameScenceControlDelegate.swift */ = {isa = PBXFileReference; lastKnownFileType = sourcecode.swift; path = GameScenceControlDelegate.swift; sourceTree = "<group>"; };
		FCABEB8423BFF7830055A559 /* TouchInputManger.swift */ = {isa = PBXFileReference; lastKnownFileType = sourcecode.swift; path = TouchInputManger.swift; sourceTree = "<group>"; };
		FCABEB8623C0034B0055A559 /* VoiceInputManger.swift */ = {isa = PBXFileReference; lastKnownFileType = sourcecode.swift; path = VoiceInputManger.swift; sourceTree = "<group>"; };
/* End PBXFileReference section */

/* Begin PBXFrameworksBuildPhase section */
		FCABEB5423B828200055A559 /* Frameworks */ = {
			isa = PBXFrameworksBuildPhase;
			buildActionMask = 2147483647;
			files = (
			);
			runOnlyForDeploymentPostprocessing = 0;
		};
/* End PBXFrameworksBuildPhase section */

/* Begin PBXGroup section */
		50BD591523CBD953008734D4 /* HeadGazeLib */ = {
			isa = PBXGroup;
			children = (
				50BD591623CBD953008734D4 /* UIHeadGazeViewController.swift */,
				50BD591723CBD953008734D4 /* UITrackButton.swift */,
				50BD591823CBD953008734D4 /* UIHoverableButton.swift */,
				50BD591923CBD953008734D4 /* UIHeadGazeEvent.swift */,
				50BD591A23CBD953008734D4 /* UIMultiFuncButton.swift */,
				50BD591B23CBD953008734D4 /* README.md */,
				50BD591C23CBD953008734D4 /* Utilities */,
				50BD592023CBD953008734D4 /* UIVirtualCursorView.swift */,
				50BD592123CBD953008734D4 /* logo.png */,
				50BD592223CBD953008734D4 /* UIHeadGazeView.swift */,
				50BD592323CBD953008734D4 /* UIBubbleButton.swift */,
				50BD592423CBD953008734D4 /* UIHeadGazeRecognizer.swift */,
				50BD592523CBD953008734D4 /* UIHeadGazeViewControllerBase.swift */,
			);
			path = HeadGazeLib;
			sourceTree = "<group>";
		};
		50BD591C23CBD953008734D4 /* Utilities */ = {
			isa = PBXGroup;
			children = (
				50BD591D23CBD953008734D4 /* Throttler.swift */,
				50BD591E23CBD953008734D4 /* MathUtility.swift */,
				50BD591F23CBD953008734D4 /* ChargingThrottler.swift */,
			);
			path = Utilities;
			sourceTree = "<group>";
		};
		FC08753A23D3B1CC00DCDCBE /* Utilities */ = {
			isa = PBXGroup;
			children = (
				FCABEB7623B830F90055A559 /* Grid.swift */,
				FCABEB7823B8359A0055A559 /* Colors.swift */,
			);
			path = Utilities;
			sourceTree = "<group>";
		};
		FCABEB4E23B828200055A559 = {
			isa = PBXGroup;
			children = (
				FCABEB5923B828200055A559 /* 2048-plus */,
				FCABEB5823B828200055A559 /* Products */,
			);
			sourceTree = "<group>";
		};
		FCABEB5823B828200055A559 /* Products */ = {
			isa = PBXGroup;
			children = (
				FCABEB5723B828200055A559 /* 2048-plus.app */,
			);
			name = Products;
			sourceTree = "<group>";
		};
		FCABEB5923B828200055A559 /* 2048-plus */ = {
			isa = PBXGroup;
			children = (
				FC08753A23D3B1CC00DCDCBE /* Utilities */,
				50BD591523CBD953008734D4 /* HeadGazeLib */,
				FCABEB8323BFF75F0055A559 /* Input */,
				FCABEB7B23BE56220055A559 /* Models */,
				FCABEB6C23B828270055A559 /* Info.plist */,
				FCABEB7523B82CA10055A559 /* Template */,
				FCABEB7423B82C630055A559 /* Assets */,
				FCABEB7323B82C470055A559 /* Scenes */,
				FCABEB7223B82C100055A559 /* ViewControllers */,
			);
			path = "2048-plus";
			sourceTree = "<group>";
		};
		FCABEB7223B82C100055A559 /* ViewControllers */ = {
			isa = PBXGroup;
			children = (
				FCABEB6223B828200055A559 /* GameViewController.swift */,
			);
			path = ViewControllers;
			sourceTree = "<group>";
		};
		FCABEB7323B82C470055A559 /* Scenes */ = {
			isa = PBXGroup;
			children = (
				FCABEB6023B828200055A559 /* GameScene.swift */,
				FCABEB8023BFEF7A0055A559 /* GameScenceControlDelegate.swift */,
			);
			path = Scenes;
			sourceTree = "<group>";
		};
		FCABEB7423B82C630055A559 /* Assets */ = {
			isa = PBXGroup;
			children = (
				FCABEB6423B828200055A559 /* Main.storyboard */,
				FCABEB6723B828270055A559 /* Assets.xcassets */,
				FCABEB6923B828270055A559 /* LaunchScreen.storyboard */,
			);
			path = Assets;
			sourceTree = "<group>";
		};
		FCABEB7523B82CA10055A559 /* Template */ = {
			isa = PBXGroup;
			children = (
				FCABEB5A23B828200055A559 /* AppDelegate.swift */,
			);
			path = Template;
			sourceTree = "<group>";
		};
		FCABEB7B23BE56220055A559 /* Models */ = {
			isa = PBXGroup;
			children = (
				FCABEB7C23BE563E0055A559 /* Tile.swift */,
				FCABEB7E23BE568B0055A559 /* Position.swift */,
			);
			path = Models;
			sourceTree = "<group>";
		};
		FCABEB8323BFF75F0055A559 /* Input */ = {
			isa = PBXGroup;
			children = (
				FCABEB8423BFF7830055A559 /* TouchInputManger.swift */,
				FCABEB8623C0034B0055A559 /* VoiceInputManger.swift */,
			);
			path = Input;
			sourceTree = "<group>";
		};
/* End PBXGroup section */

/* Begin PBXNativeTarget section */
		FCABEB5623B828200055A559 /* 2048-plus */ = {
			isa = PBXNativeTarget;
			buildConfigurationList = FCABEB6F23B828270055A559 /* Build configuration list for PBXNativeTarget "2048-plus" */;
			buildPhases = (
				FCABEB5323B828200055A559 /* Sources */,
				FCABEB5423B828200055A559 /* Frameworks */,
				FCABEB5523B828200055A559 /* Resources */,
			);
			buildRules = (
			);
			dependencies = (
			);
			name = "2048-plus";
			productName = "2048-plus";
			productReference = FCABEB5723B828200055A559 /* 2048-plus.app */;
			productType = "com.apple.product-type.application";
		};
/* End PBXNativeTarget section */

/* Begin PBXProject section */
		FCABEB4F23B828200055A559 /* Project object */ = {
			isa = PBXProject;
			attributes = {
				LastSwiftUpdateCheck = 1120;
				LastUpgradeCheck = 1120;
				ORGANIZATIONNAME = "Mohammed Ghannm";
				TargetAttributes = {
					FCABEB5623B828200055A559 = {
						CreatedOnToolsVersion = 11.2.1;
					};
				};
			};
			buildConfigurationList = FCABEB5223B828200055A559 /* Build configuration list for PBXProject "2048-plus" */;
			compatibilityVersion = "Xcode 9.3";
			developmentRegion = en;
			hasScannedForEncodings = 0;
			knownRegions = (
				en,
				Base,
			);
			mainGroup = FCABEB4E23B828200055A559;
			productRefGroup = FCABEB5823B828200055A559 /* Products */;
			projectDirPath = "";
			projectRoot = "";
			targets = (
				FCABEB5623B828200055A559 /* 2048-plus */,
			);
		};
/* End PBXProject section */

/* Begin PBXResourcesBuildPhase section */
		FCABEB5523B828200055A559 /* Resources */ = {
			isa = PBXResourcesBuildPhase;
			buildActionMask = 2147483647;
			files = (
				FCABEB6623B828200055A559 /* Main.storyboard in Resources */,
				FCABEB6823B828270055A559 /* Assets.xcassets in Resources */,
				FCABEB6B23B828270055A559 /* LaunchScreen.storyboard in Resources */,
			);
			runOnlyForDeploymentPostprocessing = 0;
		};
/* End PBXResourcesBuildPhase section */

/* Begin PBXSourcesBuildPhase section */
		FCABEB5323B828200055A559 /* Sources */ = {
			isa = PBXSourcesBuildPhase;
			buildActionMask = 2147483647;
			files = (
				50BD592623CBDA96008734D4 /* UIHeadGazeViewController.swift in Sources */,
				50BD592723CBDA96008734D4 /* UITrackButton.swift in Sources */,
				50BD592823CBDA96008734D4 /* UIHoverableButton.swift in Sources */,
				50BD592923CBDA96008734D4 /* UIHeadGazeEvent.swift in Sources */,
				50BD592A23CBDA96008734D4 /* UIMultiFuncButton.swift in Sources */,
				50BD592B23CBDA96008734D4 /* README.md in Sources */,
				50BD592C23CBDA96008734D4 /* Throttler.swift in Sources */,
				50BD592D23CBDA96008734D4 /* MathUtility.swift in Sources */,
				50BD592E23CBDA96008734D4 /* ChargingThrottler.swift in Sources */,
				50BD592F23CBDA96008734D4 /* UIVirtualCursorView.swift in Sources */,
				50BD593023CBDA96008734D4 /* UIHeadGazeView.swift in Sources */,
				50BD593123CBDA96008734D4 /* UIBubbleButton.swift in Sources */,
				50BD593223CBDA96008734D4 /* UIHeadGazeRecognizer.swift in Sources */,
				50BD593323CBDA96008734D4 /* UIHeadGazeViewControllerBase.swift in Sources */,
				FCABEB7F23BE568B0055A559 /* Position.swift in Sources */,
				FCABEB8223BFF6160055A559 /* GameScenceControlDelegate.swift in Sources */,
				FCABEB6123B828200055A559 /* GameScene.swift in Sources */,
				FCABEB8723C0034B0055A559 /* VoiceInputManger.swift in Sources */,
				FCABEB7923B8359A0055A559 /* Colors.swift in Sources */,
				FCABEB6323B828200055A559 /* GameViewController.swift in Sources */,
				FCABEB7D23BE563E0055A559 /* Tile.swift in Sources */,
				FCABEB5B23B828200055A559 /* AppDelegate.swift in Sources */,
				FCABEB8523BFF7830055A559 /* TouchInputManger.swift in Sources */,
				FCABEB7723B830F90055A559 /* Grid.swift in Sources */,
			);
			runOnlyForDeploymentPostprocessing = 0;
		};
/* End PBXSourcesBuildPhase section */

/* Begin PBXVariantGroup section */
		FCABEB6423B828200055A559 /* Main.storyboard */ = {
			isa = PBXVariantGroup;
			children = (
				FCABEB6523B828200055A559 /* Base */,
			);
			name = Main.storyboard;
			sourceTree = "<group>";
		};
		FCABEB6923B828270055A559 /* LaunchScreen.storyboard */ = {
			isa = PBXVariantGroup;
			children = (
				FCABEB6A23B828270055A559 /* Base */,
			);
			name = LaunchScreen.storyboard;
			sourceTree = "<group>";
		};
/* End PBXVariantGroup section */

/* Begin XCBuildConfiguration section */
		FCABEB6D23B828270055A559 /* Debug */ = {
			isa = XCBuildConfiguration;
			buildSettings = {
				ALWAYS_SEARCH_USER_PATHS = NO;
				CLANG_ANALYZER_NONNULL = YES;
				CLANG_ANALYZER_NUMBER_OBJECT_CONVERSION = YES_AGGRESSIVE;
				CLANG_CXX_LANGUAGE_STANDARD = "gnu++14";
				CLANG_CXX_LIBRARY = "libc++";
				CLANG_ENABLE_MODULES = YES;
				CLANG_ENABLE_OBJC_ARC = YES;
				CLANG_ENABLE_OBJC_WEAK = YES;
				CLANG_WARN_BLOCK_CAPTURE_AUTORELEASING = YES;
				CLANG_WARN_BOOL_CONVERSION = YES;
				CLANG_WARN_COMMA = YES;
				CLANG_WARN_CONSTANT_CONVERSION = YES;
				CLANG_WARN_DEPRECATED_OBJC_IMPLEMENTATIONS = YES;
				CLANG_WARN_DIRECT_OBJC_ISA_USAGE = YES_ERROR;
				CLANG_WARN_DOCUMENTATION_COMMENTS = YES;
				CLANG_WARN_EMPTY_BODY = YES;
				CLANG_WARN_ENUM_CONVERSION = YES;
				CLANG_WARN_INFINITE_RECURSION = YES;
				CLANG_WARN_INT_CONVERSION = YES;
				CLANG_WARN_NON_LITERAL_NULL_CONVERSION = YES;
				CLANG_WARN_OBJC_IMPLICIT_RETAIN_SELF = YES;
				CLANG_WARN_OBJC_LITERAL_CONVERSION = YES;
				CLANG_WARN_OBJC_ROOT_CLASS = YES_ERROR;
				CLANG_WARN_RANGE_LOOP_ANALYSIS = YES;
				CLANG_WARN_STRICT_PROTOTYPES = YES;
				CLANG_WARN_SUSPICIOUS_MOVE = YES;
				CLANG_WARN_UNGUARDED_AVAILABILITY = YES_AGGRESSIVE;
				CLANG_WARN_UNREACHABLE_CODE = YES;
				CLANG_WARN__DUPLICATE_METHOD_MATCH = YES;
				COPY_PHASE_STRIP = NO;
				DEBUG_INFORMATION_FORMAT = dwarf;
				ENABLE_STRICT_OBJC_MSGSEND = YES;
				ENABLE_TESTABILITY = YES;
				GCC_C_LANGUAGE_STANDARD = gnu11;
				GCC_DYNAMIC_NO_PIC = NO;
				GCC_NO_COMMON_BLOCKS = YES;
				GCC_OPTIMIZATION_LEVEL = 0;
				GCC_PREPROCESSOR_DEFINITIONS = (
					"DEBUG=1",
					"$(inherited)",
				);
				GCC_WARN_64_TO_32_BIT_CONVERSION = YES;
				GCC_WARN_ABOUT_RETURN_TYPE = YES_ERROR;
				GCC_WARN_UNDECLARED_SELECTOR = YES;
				GCC_WARN_UNINITIALIZED_AUTOS = YES_AGGRESSIVE;
				GCC_WARN_UNUSED_FUNCTION = YES;
				GCC_WARN_UNUSED_VARIABLE = YES;
				IPHONEOS_DEPLOYMENT_TARGET = 13.2;
				MTL_ENABLE_DEBUG_INFO = INCLUDE_SOURCE;
				MTL_FAST_MATH = YES;
				ONLY_ACTIVE_ARCH = YES;
				SDKROOT = iphoneos;
				SWIFT_ACTIVE_COMPILATION_CONDITIONS = DEBUG;
				SWIFT_OPTIMIZATION_LEVEL = "-Onone";
			};
			name = Debug;
		};
		FCABEB6E23B828270055A559 /* Release */ = {
			isa = XCBuildConfiguration;
			buildSettings = {
				ALWAYS_SEARCH_USER_PATHS = NO;
				CLANG_ANALYZER_NONNULL = YES;
				CLANG_ANALYZER_NUMBER_OBJECT_CONVERSION = YES_AGGRESSIVE;
				CLANG_CXX_LANGUAGE_STANDARD = "gnu++14";
				CLANG_CXX_LIBRARY = "libc++";
				CLANG_ENABLE_MODULES = YES;
				CLANG_ENABLE_OBJC_ARC = YES;
				CLANG_ENABLE_OBJC_WEAK = YES;
				CLANG_WARN_BLOCK_CAPTURE_AUTORELEASING = YES;
				CLANG_WARN_BOOL_CONVERSION = YES;
				CLANG_WARN_COMMA = YES;
				CLANG_WARN_CONSTANT_CONVERSION = YES;
				CLANG_WARN_DEPRECATED_OBJC_IMPLEMENTATIONS = YES;
				CLANG_WARN_DIRECT_OBJC_ISA_USAGE = YES_ERROR;
				CLANG_WARN_DOCUMENTATION_COMMENTS = YES;
				CLANG_WARN_EMPTY_BODY = YES;
				CLANG_WARN_ENUM_CONVERSION = YES;
				CLANG_WARN_INFINITE_RECURSION = YES;
				CLANG_WARN_INT_CONVERSION = YES;
				CLANG_WARN_NON_LITERAL_NULL_CONVERSION = YES;
				CLANG_WARN_OBJC_IMPLICIT_RETAIN_SELF = YES;
				CLANG_WARN_OBJC_LITERAL_CONVERSION = YES;
				CLANG_WARN_OBJC_ROOT_CLASS = YES_ERROR;
				CLANG_WARN_RANGE_LOOP_ANALYSIS = YES;
				CLANG_WARN_STRICT_PROTOTYPES = YES;
				CLANG_WARN_SUSPICIOUS_MOVE = YES;
				CLANG_WARN_UNGUARDED_AVAILABILITY = YES_AGGRESSIVE;
				CLANG_WARN_UNREACHABLE_CODE = YES;
				CLANG_WARN__DUPLICATE_METHOD_MATCH = YES;
				COPY_PHASE_STRIP = NO;
				DEBUG_INFORMATION_FORMAT = "dwarf-with-dsym";
				ENABLE_NS_ASSERTIONS = NO;
				ENABLE_STRICT_OBJC_MSGSEND = YES;
				GCC_C_LANGUAGE_STANDARD = gnu11;
				GCC_NO_COMMON_BLOCKS = YES;
				GCC_WARN_64_TO_32_BIT_CONVERSION = YES;
				GCC_WARN_ABOUT_RETURN_TYPE = YES_ERROR;
				GCC_WARN_UNDECLARED_SELECTOR = YES;
				GCC_WARN_UNINITIALIZED_AUTOS = YES_AGGRESSIVE;
				GCC_WARN_UNUSED_FUNCTION = YES;
				GCC_WARN_UNUSED_VARIABLE = YES;
				IPHONEOS_DEPLOYMENT_TARGET = 13.2;
				MTL_ENABLE_DEBUG_INFO = NO;
				MTL_FAST_MATH = YES;
				SDKROOT = iphoneos;
				SWIFT_COMPILATION_MODE = wholemodule;
				SWIFT_OPTIMIZATION_LEVEL = "-O";
				VALIDATE_PRODUCT = YES;
			};
			name = Release;
		};
		FCABEB7023B828270055A559 /* Debug */ = {
			isa = XCBuildConfiguration;
			buildSettings = {
				ASSETCATALOG_COMPILER_APPICON_NAME = AppIcon;
				CODE_SIGN_STYLE = Automatic;
				DEVELOPMENT_TEAM = 7D6V6TM4RZ;
				INFOPLIST_FILE = "2048-plus/Info.plist";
				IPHONEOS_DEPLOYMENT_TARGET = 12.4;
				LD_RUNPATH_SEARCH_PATHS = (
					"$(inherited)",
					"@executable_path/Frameworks",
				);
				PRODUCT_BUNDLE_IDENTIFIER = "com.example.2048-plusu";
				PRODUCT_NAME = "$(TARGET_NAME)";
				SWIFT_VERSION = 5.0;
				TARGETED_DEVICE_FAMILY = "1,2";
			};
			name = Debug;
		};
		FCABEB7123B828270055A559 /* Release */ = {
			isa = XCBuildConfiguration;
			buildSettings = {
				ASSETCATALOG_COMPILER_APPICON_NAME = AppIcon;
				CODE_SIGN_STYLE = Manual;
				DEVELOPMENT_TEAM = "";
				INFOPLIST_FILE = "2048-plus/Info.plist";
				IPHONEOS_DEPLOYMENT_TARGET = 12.4;
				LD_RUNPATH_SEARCH_PATHS = (
					"$(inherited)",
					"@executable_path/Frameworks",
				);
				PRODUCT_BUNDLE_IDENTIFIER = "com.example.2048-plus";
				PRODUCT_NAME = "$(TARGET_NAME)";
				PROVISIONING_PROFILE_SPECIFIER = "";
				SWIFT_VERSION = 5.0;
				TARGETED_DEVICE_FAMILY = "1,2";
			};
			name = Release;
		};
/* End XCBuildConfiguration section */

/* Begin XCConfigurationList section */
		FCABEB5223B828200055A559 /* Build configuration list for PBXProject "2048-plus" */ = {
			isa = XCConfigurationList;
			buildConfigurations = (
				FCABEB6D23B828270055A559 /* Debug */,
				FCABEB6E23B828270055A559 /* Release */,
			);
			defaultConfigurationIsVisible = 0;
			defaultConfigurationName = Release;
		};
		FCABEB6F23B828270055A559 /* Build configuration list for PBXNativeTarget "2048-plus" */ = {
			isa = XCConfigurationList;
			buildConfigurations = (
				FCABEB7023B828270055A559 /* Debug */,
				FCABEB7123B828270055A559 /* Release */,
			);
			defaultConfigurationIsVisible = 0;
			defaultConfigurationName = Release;
		};
/* End XCConfigurationList section */
	};
	rootObject = FCABEB4F23B828200055A559 /* Project object */;
}
